<?xml version="1.0" encoding="UTF-8"?>
<Scheme
   LastUpgradeVersion = "2620"
   version = "1.7">
   <BuildAction
      parallelizeBuildables = "YES"
      buildImplicitDependencies = "YES"
      buildArchitectures = "Automatic">
      <BuildActionEntries>
         <BuildActionEntry
            buildForTesting = "YES"
            buildForRunning = "YES"
            buildForProfiling = "YES"
            buildForArchiving = "YES"
            buildForAnalyzing = "YES">
            <BuildableReference
               BuildableIdentifier = "primary"
               BlueprintIdentifier = "B89C2F032F37B82000A07D0E"
               BuildableName = "ByteWaste_C4C.app"
               BlueprintName = "ByteWaste_C4C"
               ReferencedContainer = "container:ByteWaste_C4C.xcodeproj">
            </BuildableReference>
         </BuildActionEntry>
      </BuildActionEntries>
   </BuildAction>
   <TestAction
      buildConfiguration = "Debug"
      selectedDebuggerIdentifier = "Xcode.DebuggerFoundation.Debugger.LLDB"
      selectedLauncherIdentifier = "Xcode.DebuggerFoundation.Launcher.LLDB"
      shouldUseLaunchSchemeArgsEnv = "YES"
      shouldAutocreateTestPlan = "YES">
   </TestAction>
   <LaunchAction
      buildConfiguration = "Debug"
      selectedDebuggerIdentifier = "Xcode.DebuggerFoundation.Debugger.LLDB"
      selectedLauncherIdentifier = "Xcode.DebuggerFoundation.Launcher.LLDB"
      launchStyle = "0"
      useCustomWorkingDirectory = "NO"
      ignoresPersistentStateOnLaunch = "NO"
      debugDocumentVersioning = "YES"
      debugServiceExtension = "internal"
      allowLocationSimulation = "YES">
      <BuildableProductRunnable
         runnableDebuggingMode = "0">
         <BuildableReference
            BuildableIdentifier = "primary"
            BlueprintIdentifier = "B89C2F032F37B82000A07D0E"
            BuildableName = "ByteWaste_C4C.app"
            BlueprintName = "ByteWaste_C4C"
            ReferencedContainer = "container:ByteWaste_C4C.xcodeproj">
         </BuildableReference>
      </BuildableProductRunnable>
      <EnvironmentVariables>
         <EnvironmentVariable
            key = "EDAMAM_BASE_URL"
            value = "https://api.edamam.com"
            isEnabled = "YES">
         </EnvironmentVariable>
         <EnvironmentVariable
            key = "FOOD_APP_ID"
            value = "8ed2ee10"
            isEnabled = "YES">
         </EnvironmentVariable>
         <EnvironmentVariable
            key = "FOOD_APP_KEY"
            value = "d5e2c45aef522057bdd8dd80092eb950"
            isEnabled = "YES">
         </EnvironmentVariable>
         <EnvironmentVariable
            key = "NAVIGATOR_API_ENDPOINT"
            value = "https://api.ai.it.ufl.edu/v1"
            isEnabled = "YES">
         </EnvironmentVariable>
         <EnvironmentVariable
            key = "NAVIGATOR_API_KEY"
            value = "sk-AUydy3z6VlN-xwA0cILqRw"
            isEnabled = "YES">
         </EnvironmentVariable>
         <EnvironmentVariable
            key = "EDAMAM_AUTOCOMPLETE_ENDPOINT"
            value = "/auto-complete"
            isEnabled = "YES">
         </EnvironmentVariable>
         <EnvironmentVariable
            key = ""
            value = ""
            isEnabled = "YES">
         </EnvironmentVariable>
      </EnvironmentVariables>
   </LaunchAction>
   <ProfileAction
      buildConfiguration = "Release"
      shouldUseLaunchSchemeArgsEnv = "YES"
      savedToolIdentifier = ""
      useCustomWorkingDirectory = "NO"
      debugDocumentVersioning = "YES">
      <BuildableProductRunnable
         runnableDebuggingMode = "0">
         <BuildableReference
            BuildableIdentifier = "primary"
            BlueprintIdentifier = "B89C2F032F37B82000A07D0E"
            BuildableName = "ByteWaste_C4C.app"
            BlueprintName = "ByteWaste_C4C"
            ReferencedContainer = "container:ByteWaste_C4C.xcodeproj">
         </BuildableReference>
      </BuildableProductRunnable>
   </ProfileAction>
   <AnalyzeAction
      buildConfiguration = "Debug">
   </AnalyzeAction>
   <ArchiveAction
      buildConfiguration = "Release"
      revealArchiveInOrganizer = "YES">
   </ArchiveAction>
</Scheme>
